
Microsoft Visual Studio Solution File, Format Version 12.00
# Visual Studio 15
VisualStudioVersion = 15.0.26124.0
MinimumVisualStudioVersion = 15.0.26124.0
Project("{2150E333-8FDC-42A3-9474-1A3956D46DE8}") = "src", "src", "{257811AE-7A6E-439E-8ADF-77C7F3DA3163}"
EndProject
Project("{FAE04EC0-301F-11D3-BF4B-00C04F79EFBC}") = "UPictures.Web", "src\UPictures.Web\UPictures.Web.csproj", "{94A6201D-E14F-4ED1-9950-50E3AE52A866}"
EndProject
Project("{FAE04EC0-301F-11D3-BF4B-00C04F79EFBC}") = "UPictures.Scanner", "src\UPictures.Scanner\UPictures.Scanner.csproj", "{E333ACFE-EF49-4349-8610-9A0060B90F3E}"
EndProject
Project("{FAE04EC0-301F-11D3-BF4B-00C04F79EFBC}") = "UPictures.Core", "src\UPictures.Core\UPictures.Core.csproj", "{CB22C424-D710-4F11-B3BC-1CD8B3701237}"
EndProject
Project("{FAE04EC0-301F-11D3-BF4B-00C04F79EFBC}") = "UPictures.Data", "src\UPictures.Data\UPictures.Data.csproj", "{A4541115-9FFA-4F83-8A03-2AB37E1072EC}"
EndProject
Global
	GlobalSection(SolutionConfigurationPlatforms) = preSolution
		Debug|Any CPU = Debug|Any CPU
		Debug|x64 = Debug|x64
		Debug|x86 = Debug|x86
		Release|Any CPU = Release|Any CPU
		Release|x64 = Release|x64
		Release|x86 = Release|x86
	EndGlobalSection
	GlobalSection(SolutionProperties) = preSolution
		HideSolutionNode = FALSE
	EndGlobalSection
	GlobalSection(ProjectConfigurationPlatforms) = postSolution
		{94A6201D-E14F-4ED1-9950-50E3AE52A866}.Debug|Any CPU.ActiveCfg = Debug|Any CPU
		{94A6201D-E14F-4ED1-9950-50E3AE52A866}.Debug|Any CPU.Build.0 = Debug|Any CPU
		{94A6201D-E14F-4ED1-9950-50E3AE52A866}.Debug|x64.ActiveCfg = Debug|Any CPU
		{94A6201D-E14F-4ED1-9950-50E3AE52A866}.Debug|x64.Build.0 = Debug|Any CPU
		{94A6201D-E14F-4ED1-9950-50E3AE52A866}.Debug|x86.ActiveCfg = Debug|Any CPU
		{94A6201D-E14F-4ED1-9950-50E3AE52A866}.Debug|x86.Build.0 = Debug|Any CPU
		{94A6201D-E14F-4ED1-9950-50E3AE52A866}.Release|Any CPU.ActiveCfg = Release|Any CPU
		{94A6201D-E14F-4ED1-9950-50E3AE52A866}.Release|Any CPU.Build.0 = Release|Any CPU
		{94A6201D-E14F-4ED1-9950-50E3AE52A866}.Release|x64.ActiveCfg = Release|Any CPU
		{94A6201D-E14F-4ED1-9950-50E3AE52A866}.Release|x64.Build.0 = Release|Any CPU
		{94A6201D-E14F-4ED1-9950-50E3AE52A866}.Release|x86.ActiveCfg = Release|Any CPU
		{94A6201D-E14F-4ED1-9950-50E3AE52A866}.Release|x86.Build.0 = Release|Any CPU
		{E333ACFE-EF49-4349-8610-9A0060B90F3E}.Debug|Any CPU.ActiveCfg = Debug|Any CPU
		{E333ACFE-EF49-4349-8610-9A0060B90F3E}.Debug|Any CPU.Build.0 = Debug|Any CPU
		{E333ACFE-EF49-4349-8610-9A0060B90F3E}.Debug|x64.ActiveCfg = Debug|Any CPU
		{E333ACFE-EF49-4349-8610-9A0060B90F3E}.Debug|x64.Build.0 = Debug|Any CPU
		{E333ACFE-EF49-4349-8610-9A0060B90F3E}.Debug|x86.ActiveCfg = Debug|Any CPU
		{E333ACFE-EF49-4349-8610-9A0060B90F3E}.Debug|x86.Build.0 = Debug|Any CPU
		{E333ACFE-EF49-4349-8610-9A0060B90F3E}.Release|Any CPU.ActiveCfg = Release|Any CPU
		{E333ACFE-EF49-4349-8610-9A0060B90F3E}.Release|Any CPU.Build.0 = Release|Any CPU
		{E333ACFE-EF49-4349-8610-9A0060B90F3E}.Release|x64.ActiveCfg = Release|Any CPU
		{E333ACFE-EF49-4349-8610-9A0060B90F3E}.Release|x64.Build.0 = Release|Any CPU
		{E333ACFE-EF49-4349-8610-9A0060B90F3E}.Release|x86.ActiveCfg = Release|Any CPU
		{E333ACFE-EF49-4349-8610-9A0060B90F3E}.Release|x86.Build.0 = Release|Any CPU
		{CB22C424-D710-4F11-B3BC-1CD8B3701237}.Debug|Any CPU.ActiveCfg = Debug|Any CPU
		{CB22C424-D710-4F11-B3BC-1CD8B3701237}.Debug|Any CPU.Build.0 = Debug|Any CPU
		{CB22C424-D710-4F11-B3BC-1CD8B3701237}.Debug|x64.ActiveCfg = Debug|Any CPU
		{CB22C424-D710-4F11-B3BC-1CD8B3701237}.Debug|x64.Build.0 = Debug|Any CPU
		{CB22C424-D710-4F11-B3BC-1CD8B3701237}.Debug|x86.ActiveCfg = Debug|Any CPU
		{CB22C424-D710-4F11-B3BC-1CD8B3701237}.Debug|x86.Build.0 = Debug|Any CPU
		{CB22C424-D710-4F11-B3BC-1CD8B3701237}.Release|Any CPU.ActiveCfg = Release|Any CPU
		{CB22C424-D710-4F11-B3BC-1CD8B3701237}.Release|Any CPU.Build.0 = Release|Any CPU
		{CB22C424-D710-4F11-B3BC-1CD8B3701237}.Release|x64.ActiveCfg = Release|Any CPU
		{CB22C424-D710-4F11-B3BC-1CD8B3701237}.Release|x64.Build.0 = Release|Any CPU
		{CB22C424-D710-4F11-B3BC-1CD8B3701237}.Release|x86.ActiveCfg = Release|Any CPU
		{CB22C424-D710-4F11-B3BC-1CD8B3701237}.Release|x86.Build.0 = Release|Any CPU
		{A4541115-9FFA-4F83-8A03-2AB37E1072EC}.Debug|Any CPU.ActiveCfg = Debug|Any CPU
		{A4541115-9FFA-4F83-8A03-2AB37E1072EC}.Debug|Any CPU.Build.0 = Debug|Any CPU
		{A4541115-9FFA-4F83-8A03-2AB37E1072EC}.Debug|x64.ActiveCfg = Debug|Any CPU
		{A4541115-9FFA-4F83-8A03-2AB37E1072EC}.Debug|x64.Build.0 = Debug|Any CPU
		{A4541115-9FFA-4F83-8A03-2AB37E1072EC}.Debug|x86.ActiveCfg = Debug|Any CPU
		{A4541115-9FFA-4F83-8A03-2AB37E1072EC}.Debug|x86.Build.0 = Debug|Any CPU
		{A4541115-9FFA-4F83-8A03-2AB37E1072EC}.Release|Any CPU.ActiveCfg = Release|Any CPU
		{A4541115-9FFA-4F83-8A03-2AB37E1072EC}.Release|Any CPU.Build.0 = Release|Any CPU
		{A4541115-9FFA-4F83-8A03-2AB37E1072EC}.Release|x64.ActiveCfg = Release|Any CPU
		{A4541115-9FFA-4F83-8A03-2AB37E1072EC}.Release|x64.Build.0 = Release|Any CPU
		{A4541115-9FFA-4F83-8A03-2AB37E1072EC}.Release|x86.ActiveCfg = Release|Any CPU
		{A4541115-9FFA-4F83-8A03-2AB37E1072EC}.Release|x86.Build.0 = Release|Any CPU
	EndGlobalSection
	GlobalSection(NestedProjects) = preSolution
		{94A6201D-E14F-4ED1-9950-50E3AE52A866} = {257811AE-7A6E-439E-8ADF-77C7F3DA3163}
		{E333ACFE-EF49-4349-8610-9A0060B90F3E} = {257811AE-7A6E-439E-8ADF-77C7F3DA3163}
		{CB22C424-D710-4F11-B3BC-1CD8B3701237} = {257811AE-7A6E-439E-8ADF-77C7F3DA3163}
		{A4541115-9FFA-4F83-8A03-2AB37E1072EC} = {257811AE-7A6E-439E-8ADF-77C7F3DA3163}
	EndGlobalSection
EndGlobal
